
Microsoft Visual Studio Solution File, Format Version 12.00
# Visual Studio 15
VisualStudioVersion = 15.0.26730.16
MinimumVisualStudioVersion = 10.0.40219.1
Project("{FAE04EC0-301F-11D3-BF4B-00C04F79EFBC}") = "SiteDownLoad", "SiteDownLoad\SiteDownLoad.csproj", "{29852798-75D8-4782-B878-179D4743C26D}"
EndProject
Project("{FAE04EC0-301F-11D3-BF4B-00C04F79EFBC}") = "ReNameTool", "ReNameTool\ReNameTool.csproj", "{B3FC9588-A170-42F9-B749-8C3695F5B73D}"
EndProject
Project("{FAE04EC0-301F-11D3-BF4B-00C04F79EFBC}") = "ReplaceColor", "ReplaceColor\ReplaceColor.csproj", "{254DF450-90B8-42FF-80D0-8DDB5B1F6527}"
EndProject
Project("{FAE04EC0-301F-11D3-BF4B-00C04F79EFBC}") = "MakeHtml", "MakeHtml\MakeHtml.csproj", "{4E2610C2-CCEF-4B29-A951-64BFB624AA3C}"
EndProject
Project("{FAE04EC0-301F-11D3-BF4B-00C04F79EFBC}") = "CompressFolder", "CompressFolder\CompressFolder.csproj", "{FD9879C5-913B-4010-94CA-9FBA029B1D10}"
EndProject
Project("{FAE04EC0-301F-11D3-BF4B-00C04F79EFBC}") = "AllImgToBlank", "AllImgClear\AllImgToBlank.csproj", "{C5577F4C-53B3-4227-8A28-913FEB1E1E3D}"
EndProject
Project("{FAE04EC0-301F-11D3-BF4B-00C04F79EFBC}") = "PicRenameToDate", "PicRenameToDate\PicRenameToDate.csproj", "{76B98D00-5344-42DF-A7BA-FD498B4D0915}"
EndProject
Project("{FAE04EC0-301F-11D3-BF4B-00C04F79EFBC}") = "GetImageBase64", "GetImageBase64\GetImageBase64.csproj", "{327B2CB9-65E1-4EDC-9DCC-073E2C5286BD}"
EndProject
Project("{FAE04EC0-301F-11D3-BF4B-00C04F79EFBC}") = "Base64Change", "Base64Change\Base64Change.csproj", "{1449475E-9851-4BC3-B227-BA4B4F5691AC}"
EndProject
Project("{FAE04EC0-301F-11D3-BF4B-00C04F79EFBC}") = "WriteBook", "WriteBook\WriteBook.csproj", "{789163FD-AC59-4F49-A9E0-DF85FD69E51D}"
EndProject
Project("{FAE04EC0-301F-11D3-BF4B-00C04F79EFBC}") = "Base64ChangeSimpleVer", "Base64ChangeSimpleVer\Base64ChangeSimpleVer.csproj", "{F7C5CA45-EA1B-4D03-AA66-22A90A33EA8E}"
EndProject
Global
	GlobalSection(SolutionConfigurationPlatforms) = preSolution
		Debug|Any CPU = Debug|Any CPU
		Release|Any CPU = Release|Any CPU
	EndGlobalSection
	GlobalSection(ProjectConfigurationPlatforms) = postSolution
		{29852798-75D8-4782-B878-179D4743C26D}.Debug|Any CPU.ActiveCfg = Debug|Any CPU
		{29852798-75D8-4782-B878-179D4743C26D}.Debug|Any CPU.Build.0 = Debug|Any CPU
		{29852798-75D8-4782-B878-179D4743C26D}.Release|Any CPU.ActiveCfg = Release|Any CPU
		{29852798-75D8-4782-B878-179D4743C26D}.Release|Any CPU.Build.0 = Release|Any CPU
		{B3FC9588-A170-42F9-B749-8C3695F5B73D}.Debug|Any CPU.ActiveCfg = Debug|Any CPU
		{B3FC9588-A170-42F9-B749-8C3695F5B73D}.Debug|Any CPU.Build.0 = Debug|Any CPU
		{B3FC9588-A170-42F9-B749-8C3695F5B73D}.Release|Any CPU.ActiveCfg = Release|Any CPU
		{B3FC9588-A170-42F9-B749-8C3695F5B73D}.Release|Any CPU.Build.0 = Release|Any CPU
		{254DF450-90B8-42FF-80D0-8DDB5B1F6527}.Debug|Any CPU.ActiveCfg = Debug|Any CPU
		{254DF450-90B8-42FF-80D0-8DDB5B1F6527}.Debug|Any CPU.Build.0 = Debug|Any CPU
		{254DF450-90B8-42FF-80D0-8DDB5B1F6527}.Release|Any CPU.ActiveCfg = Release|Any CPU
		{254DF450-90B8-42FF-80D0-8DDB5B1F6527}.Release|Any CPU.Build.0 = Release|Any CPU
		{4E2610C2-CCEF-4B29-A951-64BFB624AA3C}.Debug|Any CPU.ActiveCfg = Debug|Any CPU
		{4E2610C2-CCEF-4B29-A951-64BFB624AA3C}.Debug|Any CPU.Build.0 = Debug|Any CPU
		{4E2610C2-CCEF-4B29-A951-64BFB624AA3C}.Release|Any CPU.ActiveCfg = Release|Any CPU
		{4E2610C2-CCEF-4B29-A951-64BFB624AA3C}.Release|Any CPU.Build.0 = Release|Any CPU
		{FD9879C5-913B-4010-94CA-9FBA029B1D10}.Debug|Any CPU.ActiveCfg = Debug|Any CPU
		{FD9879C5-913B-4010-94CA-9FBA029B1D10}.Debug|Any CPU.Build.0 = Debug|Any CPU
		{FD9879C5-913B-4010-94CA-9FBA029B1D10}.Release|Any CPU.ActiveCfg = Release|Any CPU
		{FD9879C5-913B-4010-94CA-9FBA029B1D10}.Release|Any CPU.Build.0 = Release|Any CPU
		{C5577F4C-53B3-4227-8A28-913FEB1E1E3D}.Debug|Any CPU.ActiveCfg = Debug|Any CPU
		{C5577F4C-53B3-4227-8A28-913FEB1E1E3D}.Debug|Any CPU.Build.0 = Debug|Any CPU
		{C5577F4C-53B3-4227-8A28-913FEB1E1E3D}.Release|Any CPU.ActiveCfg = Release|Any CPU
		{C5577F4C-53B3-4227-8A28-913FEB1E1E3D}.Release|Any CPU.Build.0 = Release|Any CPU
		{76B98D00-5344-42DF-A7BA-FD498B4D0915}.Debug|Any CPU.ActiveCfg = Debug|Any CPU
		{76B98D00-5344-42DF-A7BA-FD498B4D0915}.Debug|Any CPU.Build.0 = Debug|Any CPU
		{76B98D00-5344-42DF-A7BA-FD498B4D0915}.Release|Any CPU.ActiveCfg = Release|Any CPU
		{76B98D00-5344-42DF-A7BA-FD498B4D0915}.Release|Any CPU.Build.0 = Release|Any CPU
		{327B2CB9-65E1-4EDC-9DCC-073E2C5286BD}.Debug|Any CPU.ActiveCfg = Debug|Any CPU
		{327B2CB9-65E1-4EDC-9DCC-073E2C5286BD}.Debug|Any CPU.Build.0 = Debug|Any CPU
		{327B2CB9-65E1-4EDC-9DCC-073E2C5286BD}.Release|Any CPU.ActiveCfg = Release|Any CPU
		{327B2CB9-65E1-4EDC-9DCC-073E2C5286BD}.Release|Any CPU.Build.0 = Release|Any CPU
		{1449475E-9851-4BC3-B227-BA4B4F5691AC}.Debug|Any CPU.ActiveCfg = Debug|Any CPU
		{1449475E-9851-4BC3-B227-BA4B4F5691AC}.Debug|Any CPU.Build.0 = Debug|Any CPU
		{1449475E-9851-4BC3-B227-BA4B4F5691AC}.Release|Any CPU.ActiveCfg = Release|Any CPU
		{1449475E-9851-4BC3-B227-BA4B4F5691AC}.Release|Any CPU.Build.0 = Release|Any CPU
		{789163FD-AC59-4F49-A9E0-DF85FD69E51D}.Debug|Any CPU.ActiveCfg = Debug|Any CPU
		{789163FD-AC59-4F49-A9E0-DF85FD69E51D}.Debug|Any CPU.Build.0 = Debug|Any CPU
		{789163FD-AC59-4F49-A9E0-DF85FD69E51D}.Release|Any CPU.ActiveCfg = Release|Any CPU
		{789163FD-AC59-4F49-A9E0-DF85FD69E51D}.Release|Any CPU.Build.0 = Release|Any CPU
		{F7C5CA45-EA1B-4D03-AA66-22A90A33EA8E}.Debug|Any CPU.ActiveCfg = Debug|Any CPU
		{F7C5CA45-EA1B-4D03-AA66-22A90A33EA8E}.Debug|Any CPU.Build.0 = Debug|Any CPU
		{F7C5CA45-EA1B-4D03-AA66-22A90A33EA8E}.Release|Any CPU.ActiveCfg = Release|Any CPU
		{F7C5CA45-EA1B-4D03-AA66-22A90A33EA8E}.Release|Any CPU.Build.0 = Release|Any CPU
	EndGlobalSection
	GlobalSection(SolutionProperties) = preSolution
		HideSolutionNode = FALSE
	EndGlobalSection
	GlobalSection(ExtensibilityGlobals) = postSolution
		SolutionGuid = {520609EA-4D02-4FC6-B319-ED3E72F14599}
	EndGlobalSection
EndGlobal
